{
    "_meta": {
        "hash": {
            "sha256": "4e868d939e217a794eff93c858ae59b2aa743cae20f00d2481f629ea9c045bbf"
        },
        "pipfile-spec": 6,
        "requires": {
            "python_version": "3.13"
        },
        "sources": [
            {
                "name": "pypi",
                "url": "https://pypi.org/simple",
                "verify_ssl": true
            }
        ]
    },
    "default": {
        "enchant": {
            "hashes": [
                "sha256:ce4af8ff70495a12aac4b130f9ea3328ca5d9489c328ce948aef5e583905fa4d",
                "sha256:d690fb6b709f6bfbf5ffa533226ced29050f99e4d3890eef957595753bc1e24d"
            ],
            "index": "pypi",
            "markers": "python_version >= '3.7'",
            "version": "==0.0.1"
        }
    },
    "develop": {}
}
