{
    "_meta": {
        "hash": {
            "sha256": "a4fddcf5b14ad4d8d876c21a73f746ffc3f419e2fe2a668a84b96f5b62b370b4"
        },
        "pipfile-spec": 6,
        "requires": {
            "python_version": "3.14"
        },
        "sources": [
            {
                "name": "pypi",
                "url": "https://pypi.org/simple",
                "verify_ssl": true
            }
        ]
    },
    "default": {
        "pyenchant": {
            "hashes": [
                "sha256:04a5bd0e022ebe2e8c6d9e498ec3d650602e264ec5486e9c6a1b7f99c9507c49",
                "sha256:1d55e075645a6edbb3c590fb42f9e02b4d455e4affe28a2227d5cb6d4868e626",
                "sha256:3da00b1d01314d85aac733bb997415d7a3e875666dc81735ddcf320aa36b7a70",
                "sha256:825288246b5debc9436f91967650974ef0d5636458502619e322c476f1283891"
            ],
            "index": "pypi",
            "markers": "python_version >= '3.9'",
            "version": "==3.3.0"
        }
    },
    "develop": {}
}
